
Microsoft Visual Studio Solution File, Format Version 12.00
# Visual Studio Version 17
VisualStudioVersion = 17.3.32804.467
MinimumVisualStudioVersion = 10.0.40219.1
Project("{FAE04EC0-301F-11D3-BF4B-00C04F79EFBC}") = "eShopSolution.WebApp", "eShopSolution.WebApp\eShopSolution.WebApp.csproj", "{06EFAEF7-FFF2-48FB-94C8-3B418F8C1191}"
EndProject
Global
	GlobalSection(SolutionConfigurationPlatforms) = preSolution
		Debug|Any CPU = Debug|Any CPU
		Release|Any CPU = Release|Any CPU
	EndGlobalSection
	GlobalSection(ProjectConfigurationPlatforms) = postSolution
		{06EFAEF7-FFF2-48FB-94C8-3B418F8C1191}.Debug|Any CPU.ActiveCfg = Debug|Any CPU
		{06EFAEF7-FFF2-48FB-94C8-3B418F8C1191}.Debug|Any CPU.Build.0 = Debug|Any CPU
		{06EFAEF7-FFF2-48FB-94C8-3B418F8C1191}.Release|Any CPU.ActiveCfg = Release|Any CPU
		{06EFAEF7-FFF2-48FB-94C8-3B418F8C1191}.Release|Any CPU.Build.0 = Release|Any CPU
	EndGlobalSection
	GlobalSection(SolutionProperties) = preSolution
		HideSolutionNode = FALSE
	EndGlobalSection
	GlobalSection(ExtensibilityGlobals) = postSolution
		SolutionGuid = {0ED18A06-64AE-45D4-85D5-BF89E4279469}
	EndGlobalSection
EndGlobal
